
Microsoft Visual Studio Solution File, Format Version 12.00
# Visual Studio 14
VisualStudioVersion = 14.0.25420.1
MinimumVisualStudioVersion = 10.0.40219.1
Project("{8BC9CEB8-8B4A-11D0-8D11-00A0C91BC942}") = "IO-Streams", "IO-Streams\IO-Streams.vcxproj", "{A68647D9-192C-48E6-9DBF-34073FFE9823}"
EndProject
Project("{8BC9CEB8-8B4A-11D0-8D11-00A0C91BC942}") = "Frmtflags", "Frmtflags\Frmtflags.vcxproj", "{0F2CA26B-1A68-4848-9479-C9109FD5C69C}"
EndProject
Project("{8BC9CEB8-8B4A-11D0-8D11-00A0C91BC942}") = "FormatFunction", "FormatFunction\FormatFunction.vcxproj", "{29A61F82-3668-4D60-AC48-3BFEA09B382D}"
EndProject
Project("{8BC9CEB8-8B4A-11D0-8D11-00A0C91BC942}") = "Manipulyators", "Manipulyators\Manipulyators.vcxproj", "{6B93BDBB-907F-43EE-9D3C-B98E7810FD7C}"
EndProject
Project("{8BC9CEB8-8B4A-11D0-8D11-00A0C91BC942}") = "UserMAnipulyators", "UserMAnipulyators\UserMAnipulyators.vcxproj", "{DE118B61-5981-418D-A130-14C38EB37EFC}"
EndProject
Project("{8BC9CEB8-8B4A-11D0-8D11-00A0C91BC942}") = "UserMAnipulyators 2", "UserMAnipulyators 2\UserMAnipulyators 2.vcxproj", "{E7FD276D-F13F-45FA-AEA4-D3FAB16226E1}"
EndProject
Project("{8BC9CEB8-8B4A-11D0-8D11-00A0C91BC942}") = "UserMAnipulyators 3", "UserMAnipulyators 3\UserMAnipulyators 3.vcxproj", "{BE6CAECE-4C2A-46F9-87E0-56DD4D8B3B14}"
EndProject
Project("{8BC9CEB8-8B4A-11D0-8D11-00A0C91BC942}") = "Operator OStream", "Operator OStream\Operator OStream.vcxproj", "{000C2163-DE0E-45AA-ABD1-56E2956B308F}"
EndProject
Project("{8BC9CEB8-8B4A-11D0-8D11-00A0C91BC942}") = "Operator IStream", "Operator IStream\Operator IStream.vcxproj", "{77744CE7-C02A-48B0-91E8-61D8AB67885A}"
EndProject
Project("{8BC9CEB8-8B4A-11D0-8D11-00A0C91BC942}") = "File IO", "File IO\File IO.vcxproj", "{87DDAFF8-F639-41C7-938C-B31627ACA5D7}"
EndProject
Project("{8BC9CEB8-8B4A-11D0-8D11-00A0C91BC942}") = "User File IO", "User File IO\User File IO.vcxproj", "{A502F0BE-F713-4A6B-B2CB-FF29BFCBF3F1}"
EndProject
Project("{8BC9CEB8-8B4A-11D0-8D11-00A0C91BC942}") = "Stream And STL", "Stream And STL\Stream And STL.vcxproj", "{2495231B-3905-4B99-81CF-55F4BC44BF25}"
EndProject
Project("{8BC9CEB8-8B4A-11D0-8D11-00A0C91BC942}") = "String IO", "String IO\String IO.vcxproj", "{7FAB591D-6D35-407F-B48E-A62CCF6248F3}"
EndProject
Project("{8BC9CEB8-8B4A-11D0-8D11-00A0C91BC942}") = "Stream And STL 2", "Stream And STL 2\Stream And STL 2.vcxproj", "{DFC2E79A-E832-4CBC-BF15-9E2DB1BB3BDF}"
EndProject
Project("{8BC9CEB8-8B4A-11D0-8D11-00A0C91BC942}") = "Stream And STL 3", "Stream And STL 3\Stream And STL 3.vcxproj", "{6272A410-6F21-4C60-B6DE-711A9C5F2118}"
EndProject
Project("{8BC9CEB8-8B4A-11D0-8D11-00A0C91BC942}") = "Char string and fixed buffer", "Char string and fixed buffer\Char string and fixed buffer.vcxproj", "{2C4A5AF3-CE5A-4D47-A95B-B34C88454BF7}"
EndProject
Project("{8BC9CEB8-8B4A-11D0-8D11-00A0C91BC942}") = "String IO 2", "String IO 2\String IO 2.vcxproj", "{418F8130-85FD-4EA8-8061-B849622F50B9}"
EndProject
Project("{8BC9CEB8-8B4A-11D0-8D11-00A0C91BC942}") = "GetCharExample", "GetCharExample\GetCharExample.vcxproj", "{8DDBC9F7-C191-4BFA-8279-626C1277A74D}"
EndProject
Project("{8BC9CEB8-8B4A-11D0-8D11-00A0C91BC942}") = "File IO 2", "File IO 2\File IO 2.vcxproj", "{2BCFC1D5-91C2-4179-B27B-C34A2E8E8528}"
EndProject
Project("{8BC9CEB8-8B4A-11D0-8D11-00A0C91BC942}") = "String IO 3", "String IO 3\String IO 3.vcxproj", "{638D4048-EA2A-4135-B486-CF7EFD2B82E6}"
EndProject
Project("{8BC9CEB8-8B4A-11D0-8D11-00A0C91BC942}") = "FormatString", "FormatString\FormatString.vcxproj", "{BC2FEDD5-A9A3-4130-AC39-AA2F7E3015FF}"
EndProject
Project("{8BC9CEB8-8B4A-11D0-8D11-00A0C91BC942}") = "String IO 4", "String IO 4\String IO 4.vcxproj", "{B7CF22D2-9878-4300-8233-0738BA5CD63B}"
EndProject
Project("{8BC9CEB8-8B4A-11D0-8D11-00A0C91BC942}") = "Exception And IO", "Exception And IO\Exception And IO.vcxproj", "{1CA6C826-D433-47C2-A39B-DFCB7CBA2D6E}"
EndProject
Project("{8BC9CEB8-8B4A-11D0-8D11-00A0C91BC942}") = "CpyFrmt", "CpyFrmt\CpyFrmt.vcxproj", "{FDC56872-9DBF-4B6E-981F-C9EDDF984CF9}"
EndProject
Project("{8BC9CEB8-8B4A-11D0-8D11-00A0C91BC942}") = "LocalAndTie", "LocalAndTie\LocalAndTie.vcxproj", "{7E6D1A7E-88A4-4EFA-B5BF-570A901F80F9}"
EndProject
Global
	GlobalSection(SolutionConfigurationPlatforms) = preSolution
		Debug|x64 = Debug|x64
		Debug|x86 = Debug|x86
		Release|x64 = Release|x64
		Release|x86 = Release|x86
	EndGlobalSection
	GlobalSection(ProjectConfigurationPlatforms) = postSolution
		{A68647D9-192C-48E6-9DBF-34073FFE9823}.Debug|x64.ActiveCfg = Debug|x64
		{A68647D9-192C-48E6-9DBF-34073FFE9823}.Debug|x64.Build.0 = Debug|x64
		{A68647D9-192C-48E6-9DBF-34073FFE9823}.Debug|x86.ActiveCfg = Debug|Win32
		{A68647D9-192C-48E6-9DBF-34073FFE9823}.Debug|x86.Build.0 = Debug|Win32
		{A68647D9-192C-48E6-9DBF-34073FFE9823}.Release|x64.ActiveCfg = Release|x64
		{A68647D9-192C-48E6-9DBF-34073FFE9823}.Release|x64.Build.0 = Release|x64
		{A68647D9-192C-48E6-9DBF-34073FFE9823}.Release|x86.ActiveCfg = Release|Win32
		{A68647D9-192C-48E6-9DBF-34073FFE9823}.Release|x86.Build.0 = Release|Win32
		{0F2CA26B-1A68-4848-9479-C9109FD5C69C}.Debug|x64.ActiveCfg = Debug|x64
		{0F2CA26B-1A68-4848-9479-C9109FD5C69C}.Debug|x64.Build.0 = Debug|x64
		{0F2CA26B-1A68-4848-9479-C9109FD5C69C}.Debug|x86.ActiveCfg = Debug|Win32
		{0F2CA26B-1A68-4848-9479-C9109FD5C69C}.Debug|x86.Build.0 = Debug|Win32
		{0F2CA26B-1A68-4848-9479-C9109FD5C69C}.Release|x64.ActiveCfg = Release|x64
		{0F2CA26B-1A68-4848-9479-C9109FD5C69C}.Release|x64.Build.0 = Release|x64
		{0F2CA26B-1A68-4848-9479-C9109FD5C69C}.Release|x86.ActiveCfg = Release|Win32
		{0F2CA26B-1A68-4848-9479-C9109FD5C69C}.Release|x86.Build.0 = Release|Win32
		{29A61F82-3668-4D60-AC48-3BFEA09B382D}.Debug|x64.ActiveCfg = Debug|x64
		{29A61F82-3668-4D60-AC48-3BFEA09B382D}.Debug|x64.Build.0 = Debug|x64
		{29A61F82-3668-4D60-AC48-3BFEA09B382D}.Debug|x86.ActiveCfg = Debug|Win32
		{29A61F82-3668-4D60-AC48-3BFEA09B382D}.Debug|x86.Build.0 = Debug|Win32
		{29A61F82-3668-4D60-AC48-3BFEA09B382D}.Release|x64.ActiveCfg = Release|x64
		{29A61F82-3668-4D60-AC48-3BFEA09B382D}.Release|x64.Build.0 = Release|x64
		{29A61F82-3668-4D60-AC48-3BFEA09B382D}.Release|x86.ActiveCfg = Release|Win32
		{29A61F82-3668-4D60-AC48-3BFEA09B382D}.Release|x86.Build.0 = Release|Win32
		{6B93BDBB-907F-43EE-9D3C-B98E7810FD7C}.Debug|x64.ActiveCfg = Debug|x64
		{6B93BDBB-907F-43EE-9D3C-B98E7810FD7C}.Debug|x64.Build.0 = Debug|x64
		{6B93BDBB-907F-43EE-9D3C-B98E7810FD7C}.Debug|x86.ActiveCfg = Debug|Win32
		{6B93BDBB-907F-43EE-9D3C-B98E7810FD7C}.Debug|x86.Build.0 = Debug|Win32
		{6B93BDBB-907F-43EE-9D3C-B98E7810FD7C}.Release|x64.ActiveCfg = Release|x64
		{6B93BDBB-907F-43EE-9D3C-B98E7810FD7C}.Release|x64.Build.0 = Release|x64
		{6B93BDBB-907F-43EE-9D3C-B98E7810FD7C}.Release|x86.ActiveCfg = Release|Win32
		{6B93BDBB-907F-43EE-9D3C-B98E7810FD7C}.Release|x86.Build.0 = Release|Win32
		{DE118B61-5981-418D-A130-14C38EB37EFC}.Debug|x64.ActiveCfg = Debug|x64
		{DE118B61-5981-418D-A130-14C38EB37EFC}.Debug|x64.Build.0 = Debug|x64
		{DE118B61-5981-418D-A130-14C38EB37EFC}.Debug|x86.ActiveCfg = Debug|Win32
		{DE118B61-5981-418D-A130-14C38EB37EFC}.Debug|x86.Build.0 = Debug|Win32
		{DE118B61-5981-418D-A130-14C38EB37EFC}.Release|x64.ActiveCfg = Release|x64
		{DE118B61-5981-418D-A130-14C38EB37EFC}.Release|x64.Build.0 = Release|x64
		{DE118B61-5981-418D-A130-14C38EB37EFC}.Release|x86.ActiveCfg = Release|Win32
		{DE118B61-5981-418D-A130-14C38EB37EFC}.Release|x86.Build.0 = Release|Win32
		{E7FD276D-F13F-45FA-AEA4-D3FAB16226E1}.Debug|x64.ActiveCfg = Debug|x64
		{E7FD276D-F13F-45FA-AEA4-D3FAB16226E1}.Debug|x64.Build.0 = Debug|x64
		{E7FD276D-F13F-45FA-AEA4-D3FAB16226E1}.Debug|x86.ActiveCfg = Debug|Win32
		{E7FD276D-F13F-45FA-AEA4-D3FAB16226E1}.Debug|x86.Build.0 = Debug|Win32
		{E7FD276D-F13F-45FA-AEA4-D3FAB16226E1}.Release|x64.ActiveCfg = Release|x64
		{E7FD276D-F13F-45FA-AEA4-D3FAB16226E1}.Release|x64.Build.0 = Release|x64
		{E7FD276D-F13F-45FA-AEA4-D3FAB16226E1}.Release|x86.ActiveCfg = Release|Win32
		{E7FD276D-F13F-45FA-AEA4-D3FAB16226E1}.Release|x86.Build.0 = Release|Win32
		{BE6CAECE-4C2A-46F9-87E0-56DD4D8B3B14}.Debug|x64.ActiveCfg = Debug|x64
		{BE6CAECE-4C2A-46F9-87E0-56DD4D8B3B14}.Debug|x64.Build.0 = Debug|x64
		{BE6CAECE-4C2A-46F9-87E0-56DD4D8B3B14}.Debug|x86.ActiveCfg = Debug|Win32
		{BE6CAECE-4C2A-46F9-87E0-56DD4D8B3B14}.Debug|x86.Build.0 = Debug|Win32
		{BE6CAECE-4C2A-46F9-87E0-56DD4D8B3B14}.Release|x64.ActiveCfg = Release|x64
		{BE6CAECE-4C2A-46F9-87E0-56DD4D8B3B14}.Release|x64.Build.0 = Release|x64
		{BE6CAECE-4C2A-46F9-87E0-56DD4D8B3B14}.Release|x86.ActiveCfg = Release|Win32
		{BE6CAECE-4C2A-46F9-87E0-56DD4D8B3B14}.Release|x86.Build.0 = Release|Win32
		{000C2163-DE0E-45AA-ABD1-56E2956B308F}.Debug|x64.ActiveCfg = Debug|x64
		{000C2163-DE0E-45AA-ABD1-56E2956B308F}.Debug|x64.Build.0 = Debug|x64
		{000C2163-DE0E-45AA-ABD1-56E2956B308F}.Debug|x86.ActiveCfg = Debug|Win32
		{000C2163-DE0E-45AA-ABD1-56E2956B308F}.Debug|x86.Build.0 = Debug|Win32
		{000C2163-DE0E-45AA-ABD1-56E2956B308F}.Release|x64.ActiveCfg = Release|x64
		{000C2163-DE0E-45AA-ABD1-56E2956B308F}.Release|x64.Build.0 = Release|x64
		{000C2163-DE0E-45AA-ABD1-56E2956B308F}.Release|x86.ActiveCfg = Release|Win32
		{000C2163-DE0E-45AA-ABD1-56E2956B308F}.Release|x86.Build.0 = Release|Win32
		{77744CE7-C02A-48B0-91E8-61D8AB67885A}.Debug|x64.ActiveCfg = Debug|x64
		{77744CE7-C02A-48B0-91E8-61D8AB67885A}.Debug|x64.Build.0 = Debug|x64
		{77744CE7-C02A-48B0-91E8-61D8AB67885A}.Debug|x86.ActiveCfg = Debug|Win32
		{77744CE7-C02A-48B0-91E8-61D8AB67885A}.Debug|x86.Build.0 = Debug|Win32
		{77744CE7-C02A-48B0-91E8-61D8AB67885A}.Release|x64.ActiveCfg = Release|x64
		{77744CE7-C02A-48B0-91E8-61D8AB67885A}.Release|x64.Build.0 = Release|x64
		{77744CE7-C02A-48B0-91E8-61D8AB67885A}.Release|x86.ActiveCfg = Release|Win32
		{77744CE7-C02A-48B0-91E8-61D8AB67885A}.Release|x86.Build.0 = Release|Win32
		{87DDAFF8-F639-41C7-938C-B31627ACA5D7}.Debug|x64.ActiveCfg = Debug|x64
		{87DDAFF8-F639-41C7-938C-B31627ACA5D7}.Debug|x64.Build.0 = Debug|x64
		{87DDAFF8-F639-41C7-938C-B31627ACA5D7}.Debug|x86.ActiveCfg = Debug|Win32
		{87DDAFF8-F639-41C7-938C-B31627ACA5D7}.Debug|x86.Build.0 = Debug|Win32
		{87DDAFF8-F639-41C7-938C-B31627ACA5D7}.Release|x64.ActiveCfg = Release|x64
		{87DDAFF8-F639-41C7-938C-B31627ACA5D7}.Release|x64.Build.0 = Release|x64
		{87DDAFF8-F639-41C7-938C-B31627ACA5D7}.Release|x86.ActiveCfg = Release|Win32
		{87DDAFF8-F639-41C7-938C-B31627ACA5D7}.Release|x86.Build.0 = Release|Win32
		{A502F0BE-F713-4A6B-B2CB-FF29BFCBF3F1}.Debug|x64.ActiveCfg = Debug|x64
		{A502F0BE-F713-4A6B-B2CB-FF29BFCBF3F1}.Debug|x64.Build.0 = Debug|x64
		{A502F0BE-F713-4A6B-B2CB-FF29BFCBF3F1}.Debug|x86.ActiveCfg = Debug|Win32
		{A502F0BE-F713-4A6B-B2CB-FF29BFCBF3F1}.Debug|x86.Build.0 = Debug|Win32
		{A502F0BE-F713-4A6B-B2CB-FF29BFCBF3F1}.Release|x64.ActiveCfg = Release|x64
		{A502F0BE-F713-4A6B-B2CB-FF29BFCBF3F1}.Release|x64.Build.0 = Release|x64
		{A502F0BE-F713-4A6B-B2CB-FF29BFCBF3F1}.Release|x86.ActiveCfg = Release|Win32
		{A502F0BE-F713-4A6B-B2CB-FF29BFCBF3F1}.Release|x86.Build.0 = Release|Win32
		{2495231B-3905-4B99-81CF-55F4BC44BF25}.Debug|x64.ActiveCfg = Debug|x64
		{2495231B-3905-4B99-81CF-55F4BC44BF25}.Debug|x64.Build.0 = Debug|x64
		{2495231B-3905-4B99-81CF-55F4BC44BF25}.Debug|x86.ActiveCfg = Debug|Win32
		{2495231B-3905-4B99-81CF-55F4BC44BF25}.Debug|x86.Build.0 = Debug|Win32
		{2495231B-3905-4B99-81CF-55F4BC44BF25}.Release|x64.ActiveCfg = Release|x64
		{2495231B-3905-4B99-81CF-55F4BC44BF25}.Release|x64.Build.0 = Release|x64
		{2495231B-3905-4B99-81CF-55F4BC44BF25}.Release|x86.ActiveCfg = Release|Win32
		{2495231B-3905-4B99-81CF-55F4BC44BF25}.Release|x86.Build.0 = Release|Win32
		{7FAB591D-6D35-407F-B48E-A62CCF6248F3}.Debug|x64.ActiveCfg = Debug|x64
		{7FAB591D-6D35-407F-B48E-A62CCF6248F3}.Debug|x64.Build.0 = Debug|x64
		{7FAB591D-6D35-407F-B48E-A62CCF6248F3}.Debug|x86.ActiveCfg = Debug|Win32
		{7FAB591D-6D35-407F-B48E-A62CCF6248F3}.Debug|x86.Build.0 = Debug|Win32
		{7FAB591D-6D35-407F-B48E-A62CCF6248F3}.Release|x64.ActiveCfg = Release|x64
		{7FAB591D-6D35-407F-B48E-A62CCF6248F3}.Release|x64.Build.0 = Release|x64
		{7FAB591D-6D35-407F-B48E-A62CCF6248F3}.Release|x86.ActiveCfg = Release|Win32
		{7FAB591D-6D35-407F-B48E-A62CCF6248F3}.Release|x86.Build.0 = Release|Win32
		{DFC2E79A-E832-4CBC-BF15-9E2DB1BB3BDF}.Debug|x64.ActiveCfg = Debug|x64
		{DFC2E79A-E832-4CBC-BF15-9E2DB1BB3BDF}.Debug|x64.Build.0 = Debug|x64
		{DFC2E79A-E832-4CBC-BF15-9E2DB1BB3BDF}.Debug|x86.ActiveCfg = Debug|Win32
		{DFC2E79A-E832-4CBC-BF15-9E2DB1BB3BDF}.Debug|x86.Build.0 = Debug|Win32
		{DFC2E79A-E832-4CBC-BF15-9E2DB1BB3BDF}.Release|x64.ActiveCfg = Release|x64
		{DFC2E79A-E832-4CBC-BF15-9E2DB1BB3BDF}.Release|x64.Build.0 = Release|x64
		{DFC2E79A-E832-4CBC-BF15-9E2DB1BB3BDF}.Release|x86.ActiveCfg = Release|Win32
		{DFC2E79A-E832-4CBC-BF15-9E2DB1BB3BDF}.Release|x86.Build.0 = Release|Win32
		{6272A410-6F21-4C60-B6DE-711A9C5F2118}.Debug|x64.ActiveCfg = Debug|x64
		{6272A410-6F21-4C60-B6DE-711A9C5F2118}.Debug|x64.Build.0 = Debug|x64
		{6272A410-6F21-4C60-B6DE-711A9C5F2118}.Debug|x86.ActiveCfg = Debug|Win32
		{6272A410-6F21-4C60-B6DE-711A9C5F2118}.Debug|x86.Build.0 = Debug|Win32
		{6272A410-6F21-4C60-B6DE-711A9C5F2118}.Release|x64.ActiveCfg = Release|x64
		{6272A410-6F21-4C60-B6DE-711A9C5F2118}.Release|x64.Build.0 = Release|x64
		{6272A410-6F21-4C60-B6DE-711A9C5F2118}.Release|x86.ActiveCfg = Release|Win32
		{6272A410-6F21-4C60-B6DE-711A9C5F2118}.Release|x86.Build.0 = Release|Win32
		{2C4A5AF3-CE5A-4D47-A95B-B34C88454BF7}.Debug|x64.ActiveCfg = Debug|x64
		{2C4A5AF3-CE5A-4D47-A95B-B34C88454BF7}.Debug|x64.Build.0 = Debug|x64
		{2C4A5AF3-CE5A-4D47-A95B-B34C88454BF7}.Debug|x86.ActiveCfg = Debug|Win32
		{2C4A5AF3-CE5A-4D47-A95B-B34C88454BF7}.Debug|x86.Build.0 = Debug|Win32
		{2C4A5AF3-CE5A-4D47-A95B-B34C88454BF7}.Release|x64.ActiveCfg = Release|x64
		{2C4A5AF3-CE5A-4D47-A95B-B34C88454BF7}.Release|x64.Build.0 = Release|x64
		{2C4A5AF3-CE5A-4D47-A95B-B34C88454BF7}.Release|x86.ActiveCfg = Release|Win32
		{2C4A5AF3-CE5A-4D47-A95B-B34C88454BF7}.Release|x86.Build.0 = Release|Win32
		{418F8130-85FD-4EA8-8061-B849622F50B9}.Debug|x64.ActiveCfg = Debug|x64
		{418F8130-85FD-4EA8-8061-B849622F50B9}.Debug|x64.Build.0 = Debug|x64
		{418F8130-85FD-4EA8-8061-B849622F50B9}.Debug|x86.ActiveCfg = Debug|Win32
		{418F8130-85FD-4EA8-8061-B849622F50B9}.Debug|x86.Build.0 = Debug|Win32
		{418F8130-85FD-4EA8-8061-B849622F50B9}.Release|x64.ActiveCfg = Release|x64
		{418F8130-85FD-4EA8-8061-B849622F50B9}.Release|x64.Build.0 = Release|x64
		{418F8130-85FD-4EA8-8061-B849622F50B9}.Release|x86.ActiveCfg = Release|Win32
		{418F8130-85FD-4EA8-8061-B849622F50B9}.Release|x86.Build.0 = Release|Win32
		{8DDBC9F7-C191-4BFA-8279-626C1277A74D}.Debug|x64.ActiveCfg = Debug|x64
		{8DDBC9F7-C191-4BFA-8279-626C1277A74D}.Debug|x64.Build.0 = Debug|x64
		{8DDBC9F7-C191-4BFA-8279-626C1277A74D}.Debug|x86.ActiveCfg = Debug|Win32
		{8DDBC9F7-C191-4BFA-8279-626C1277A74D}.Debug|x86.Build.0 = Debug|Win32
		{8DDBC9F7-C191-4BFA-8279-626C1277A74D}.Release|x64.ActiveCfg = Release|x64
		{8DDBC9F7-C191-4BFA-8279-626C1277A74D}.Release|x64.Build.0 = Release|x64
		{8DDBC9F7-C191-4BFA-8279-626C1277A74D}.Release|x86.ActiveCfg = Release|Win32
		{8DDBC9F7-C191-4BFA-8279-626C1277A74D}.Release|x86.Build.0 = Release|Win32
		{2BCFC1D5-91C2-4179-B27B-C34A2E8E8528}.Debug|x64.ActiveCfg = Debug|x64
		{2BCFC1D5-91C2-4179-B27B-C34A2E8E8528}.Debug|x64.Build.0 = Debug|x64
		{2BCFC1D5-91C2-4179-B27B-C34A2E8E8528}.Debug|x86.ActiveCfg = Debug|Win32
		{2BCFC1D5-91C2-4179-B27B-C34A2E8E8528}.Debug|x86.Build.0 = Debug|Win32
		{2BCFC1D5-91C2-4179-B27B-C34A2E8E8528}.Release|x64.ActiveCfg = Release|x64
		{2BCFC1D5-91C2-4179-B27B-C34A2E8E8528}.Release|x64.Build.0 = Release|x64
		{2BCFC1D5-91C2-4179-B27B-C34A2E8E8528}.Release|x86.ActiveCfg = Release|Win32
		{2BCFC1D5-91C2-4179-B27B-C34A2E8E8528}.Release|x86.Build.0 = Release|Win32
		{638D4048-EA2A-4135-B486-CF7EFD2B82E6}.Debug|x64.ActiveCfg = Debug|x64
		{638D4048-EA2A-4135-B486-CF7EFD2B82E6}.Debug|x64.Build.0 = Debug|x64
		{638D4048-EA2A-4135-B486-CF7EFD2B82E6}.Debug|x86.ActiveCfg = Debug|Win32
		{638D4048-EA2A-4135-B486-CF7EFD2B82E6}.Debug|x86.Build.0 = Debug|Win32
		{638D4048-EA2A-4135-B486-CF7EFD2B82E6}.Release|x64.ActiveCfg = Release|x64
		{638D4048-EA2A-4135-B486-CF7EFD2B82E6}.Release|x64.Build.0 = Release|x64
		{638D4048-EA2A-4135-B486-CF7EFD2B82E6}.Release|x86.ActiveCfg = Release|Win32
		{638D4048-EA2A-4135-B486-CF7EFD2B82E6}.Release|x86.Build.0 = Release|Win32
		{BC2FEDD5-A9A3-4130-AC39-AA2F7E3015FF}.Debug|x64.ActiveCfg = Debug|x64
		{BC2FEDD5-A9A3-4130-AC39-AA2F7E3015FF}.Debug|x64.Build.0 = Debug|x64
		{BC2FEDD5-A9A3-4130-AC39-AA2F7E3015FF}.Debug|x86.ActiveCfg = Debug|Win32
		{BC2FEDD5-A9A3-4130-AC39-AA2F7E3015FF}.Debug|x86.Build.0 = Debug|Win32
		{BC2FEDD5-A9A3-4130-AC39-AA2F7E3015FF}.Release|x64.ActiveCfg = Release|x64
		{BC2FEDD5-A9A3-4130-AC39-AA2F7E3015FF}.Release|x64.Build.0 = Release|x64
		{BC2FEDD5-A9A3-4130-AC39-AA2F7E3015FF}.Release|x86.ActiveCfg = Release|Win32
		{BC2FEDD5-A9A3-4130-AC39-AA2F7E3015FF}.Release|x86.Build.0 = Release|Win32
		{B7CF22D2-9878-4300-8233-0738BA5CD63B}.Debug|x64.ActiveCfg = Debug|x64
		{B7CF22D2-9878-4300-8233-0738BA5CD63B}.Debug|x64.Build.0 = Debug|x64
		{B7CF22D2-9878-4300-8233-0738BA5CD63B}.Debug|x86.ActiveCfg = Debug|Win32
		{B7CF22D2-9878-4300-8233-0738BA5CD63B}.Debug|x86.Build.0 = Debug|Win32
		{B7CF22D2-9878-4300-8233-0738BA5CD63B}.Release|x64.ActiveCfg = Release|x64
		{B7CF22D2-9878-4300-8233-0738BA5CD63B}.Release|x64.Build.0 = Release|x64
		{B7CF22D2-9878-4300-8233-0738BA5CD63B}.Release|x86.ActiveCfg = Release|Win32
		{B7CF22D2-9878-4300-8233-0738BA5CD63B}.Release|x86.Build.0 = Release|Win32
		{1CA6C826-D433-47C2-A39B-DFCB7CBA2D6E}.Debug|x64.ActiveCfg = Debug|x64
		{1CA6C826-D433-47C2-A39B-DFCB7CBA2D6E}.Debug|x64.Build.0 = Debug|x64
		{1CA6C826-D433-47C2-A39B-DFCB7CBA2D6E}.Debug|x86.ActiveCfg = Debug|Win32
		{1CA6C826-D433-47C2-A39B-DFCB7CBA2D6E}.Debug|x86.Build.0 = Debug|Win32
		{1CA6C826-D433-47C2-A39B-DFCB7CBA2D6E}.Release|x64.ActiveCfg = Release|x64
		{1CA6C826-D433-47C2-A39B-DFCB7CBA2D6E}.Release|x64.Build.0 = Release|x64
		{1CA6C826-D433-47C2-A39B-DFCB7CBA2D6E}.Release|x86.ActiveCfg = Release|Win32
		{1CA6C826-D433-47C2-A39B-DFCB7CBA2D6E}.Release|x86.Build.0 = Release|Win32
		{FDC56872-9DBF-4B6E-981F-C9EDDF984CF9}.Debug|x64.ActiveCfg = Debug|x64
		{FDC56872-9DBF-4B6E-981F-C9EDDF984CF9}.Debug|x64.Build.0 = Debug|x64
		{FDC56872-9DBF-4B6E-981F-C9EDDF984CF9}.Debug|x86.ActiveCfg = Debug|Win32
		{FDC56872-9DBF-4B6E-981F-C9EDDF984CF9}.Debug|x86.Build.0 = Debug|Win32
		{FDC56872-9DBF-4B6E-981F-C9EDDF984CF9}.Release|x64.ActiveCfg = Release|x64
		{FDC56872-9DBF-4B6E-981F-C9EDDF984CF9}.Release|x64.Build.0 = Release|x64
		{FDC56872-9DBF-4B6E-981F-C9EDDF984CF9}.Release|x86.ActiveCfg = Release|Win32
		{FDC56872-9DBF-4B6E-981F-C9EDDF984CF9}.Release|x86.Build.0 = Release|Win32
		{7E6D1A7E-88A4-4EFA-B5BF-570A901F80F9}.Debug|x64.ActiveCfg = Debug|x64
		{7E6D1A7E-88A4-4EFA-B5BF-570A901F80F9}.Debug|x64.Build.0 = Debug|x64
		{7E6D1A7E-88A4-4EFA-B5BF-570A901F80F9}.Debug|x86.ActiveCfg = Debug|Win32
		{7E6D1A7E-88A4-4EFA-B5BF-570A901F80F9}.Debug|x86.Build.0 = Debug|Win32
		{7E6D1A7E-88A4-4EFA-B5BF-570A901F80F9}.Release|x64.ActiveCfg = Release|x64
		{7E6D1A7E-88A4-4EFA-B5BF-570A901F80F9}.Release|x64.Build.0 = Release|x64
		{7E6D1A7E-88A4-4EFA-B5BF-570A901F80F9}.Release|x86.ActiveCfg = Release|Win32
		{7E6D1A7E-88A4-4EFA-B5BF-570A901F80F9}.Release|x86.Build.0 = Release|Win32
	EndGlobalSection
	GlobalSection(SolutionProperties) = preSolution
		HideSolutionNode = FALSE
	EndGlobalSection
EndGlobal
